Microsoft Visual Studio Solution File, Format Version 11.00
# Visual Studio 2008

Project("{3BB2D80A-0AA5-E5FB-F137-30A27CA30F8F}") = "Combate", "Assembly-CSharp-firstpass.csproj", "{61374782-21BA-4755-85FD-47B3541DE793}"
EndProject
Project("{3BB2D80A-0AA5-E5FB-F137-30A27CA30F8F}") = "Combate", "Assembly-CSharp.csproj", "{BC2190E5-03C5-BDFE-9BAF-CED3113A985B}"
EndProject
Project("{3BB2D80A-0AA5-E5FB-F137-30A27CA30F8F}") = "Combate", "Assembly-CSharp-Editor.csproj", "{737144C4-949B-D462-B0B9-D52B3A4EBFEA}"
EndProject
Project("{3BB2D80A-0AA5-E5FB-F137-30A27CA30F8F}") = "Combate", "Assembly-UnityScript-firstpass.unityproj", "{6046D254-EC4A-5131-4168-A4E4166891D4}"
EndProject
Global
	GlobalSection(SolutionConfigurationPlatforms) = preSolution
		Debug|Any CPU = Debug|Any CPU
		Release|Any CPU = Release|Any CPU
	EndGlobalSection
	GlobalSection(ProjectConfigurationPlatforms) = postSolution
		{61374782-21BA-4755-85FD-47B3541DE793}.Debug|Any CPU.ActiveCfg = Debug|Any CPU
		{61374782-21BA-4755-85FD-47B3541DE793}.Debug|Any CPU.Build.0 = Debug|Any CPU
		{61374782-21BA-4755-85FD-47B3541DE793}.Release|Any CPU.ActiveCfg = Release|Any CPU
		{61374782-21BA-4755-85FD-47B3541DE793}.Release|Any CPU.Build.0 = Release|Any CPU
		{BC2190E5-03C5-BDFE-9BAF-CED3113A985B}.Debug|Any CPU.ActiveCfg = Debug|Any CPU
		{BC2190E5-03C5-BDFE-9BAF-CED3113A985B}.Debug|Any CPU.Build.0 = Debug|Any CPU
		{BC2190E5-03C5-BDFE-9BAF-CED3113A985B}.Release|Any CPU.ActiveCfg = Release|Any CPU
		{BC2190E5-03C5-BDFE-9BAF-CED3113A985B}.Release|Any CPU.Build.0 = Release|Any CPU
		{737144C4-949B-D462-B0B9-D52B3A4EBFEA}.Debug|Any CPU.ActiveCfg = Debug|Any CPU
		{737144C4-949B-D462-B0B9-D52B3A4EBFEA}.Debug|Any CPU.Build.0 = Debug|Any CPU
		{737144C4-949B-D462-B0B9-D52B3A4EBFEA}.Release|Any CPU.ActiveCfg = Release|Any CPU
		{737144C4-949B-D462-B0B9-D52B3A4EBFEA}.Release|Any CPU.Build.0 = Release|Any CPU
		{6046D254-EC4A-5131-4168-A4E4166891D4}.Debug|Any CPU.ActiveCfg = Debug|Any CPU
		{6046D254-EC4A-5131-4168-A4E4166891D4}.Debug|Any CPU.Build.0 = Debug|Any CPU
		{6046D254-EC4A-5131-4168-A4E4166891D4}.Release|Any CPU.ActiveCfg = Release|Any CPU
		{6046D254-EC4A-5131-4168-A4E4166891D4}.Release|Any CPU.Build.0 = Release|Any CPU
	EndGlobalSection
	GlobalSection(SolutionProperties) = preSolution
		HideSolutionNode = FALSE
	EndGlobalSection
																																																	GlobalSection(MonoDevelopProperties) = preSolution
		StartupItem = Assembly-CSharp.csproj
		Policies = $0
		$0.TextStylePolicy = $1
		$1.inheritsSet = null
		$1.scope = text/x-csharp
		$0.CSharpFormattingPolicy = $2
		$2.inheritsSet = Mono
		$2.inheritsScope = text/x-csharp
		$2.scope = text/x-csharp
		$0.TextStylePolicy = $3
		$3.FileWidth = 120
		$3.TabWidth = 4
		$3.EolMarker = Unix
		$3.inheritsSet = Mono
		$3.inheritsScope = text/plain
		$3.scope = text/plain
	EndGlobalSection

EndGlobal
