Microsoft Visual Studio Solution File, Format Version 11.00
# Visual Studio 2008

Project("{4EB80E15-54B7-3BBE-CE0D-4599E214FEC8}") = "Domingo 8 Abril 2013", "Assembly-CSharp-firstpass-vs.csproj", "{2A7DCD81-EC5E-EDC9-7F81-6B838424EC1F}"
EndProject
Project("{4EB80E15-54B7-3BBE-CE0D-4599E214FEC8}") = "Domingo 8 Abril 2013", "Assembly-CSharp-vs.csproj", "{76C7C428-829B-479F-AF60-77CBD05CDA2C}"
EndProject
Project("{4EB80E15-54B7-3BBE-CE0D-4599E214FEC8}") = "Domingo 8 Abril 2013", "Assembly-CSharp-Editor-vs.csproj", "{AE2B2C70-3D79-75A2-48D0-464AD7F6FCD5}"
EndProject
Global
	GlobalSection(SolutionConfigurationPlatforms) = preSolution
		Debug|Any CPU = Debug|Any CPU
		Release|Any CPU = Release|Any CPU
	EndGlobalSection
	GlobalSection(ProjectConfigurationPlatforms) = postSolution
		{2A7DCD81-EC5E-EDC9-7F81-6B838424EC1F}.Debug|Any CPU.ActiveCfg = Debug|Any CPU
		{2A7DCD81-EC5E-EDC9-7F81-6B838424EC1F}.Debug|Any CPU.Build.0 = Debug|Any CPU
		{2A7DCD81-EC5E-EDC9-7F81-6B838424EC1F}.Release|Any CPU.ActiveCfg = Release|Any CPU
		{2A7DCD81-EC5E-EDC9-7F81-6B838424EC1F}.Release|Any CPU.Build.0 = Release|Any CPU
		{76C7C428-829B-479F-AF60-77CBD05CDA2C}.Debug|Any CPU.ActiveCfg = Debug|Any CPU
		{76C7C428-829B-479F-AF60-77CBD05CDA2C}.Debug|Any CPU.Build.0 = Debug|Any CPU
		{76C7C428-829B-479F-AF60-77CBD05CDA2C}.Release|Any CPU.ActiveCfg = Release|Any CPU
		{76C7C428-829B-479F-AF60-77CBD05CDA2C}.Release|Any CPU.Build.0 = Release|Any CPU
		{AE2B2C70-3D79-75A2-48D0-464AD7F6FCD5}.Debug|Any CPU.ActiveCfg = Debug|Any CPU
		{AE2B2C70-3D79-75A2-48D0-464AD7F6FCD5}.Debug|Any CPU.Build.0 = Debug|Any CPU
		{AE2B2C70-3D79-75A2-48D0-464AD7F6FCD5}.Release|Any CPU.ActiveCfg = Release|Any CPU
		{AE2B2C70-3D79-75A2-48D0-464AD7F6FCD5}.Release|Any CPU.Build.0 = Release|Any CPU
	EndGlobalSection
	GlobalSection(SolutionProperties) = preSolution
		HideSolutionNode = FALSE
	EndGlobalSection
						GlobalSection(MonoDevelopProperties) = preSolution
		StartupItem = Assembly-CSharp.csproj
		Policies = $0
		$0.TextStylePolicy = $1
		$1.inheritsSet = null
		$1.scope = text/x-csharp
		$0.CSharpFormattingPolicy = $2
		$2.inheritsSet = Mono
		$2.inheritsScope = text/x-csharp
		$2.scope = text/x-csharp
		$0.TextStylePolicy = $3
		$3.FileWidth = 120
		$3.TabWidth = 4
		$3.EolMarker = Unix
		$3.inheritsSet = Mono
		$3.inheritsScope = text/plain
		$3.scope = text/plain
	EndGlobalSection

EndGlobal
